
Microsoft Visual Studio Solution File, Format Version 12.00
# Visual Studio Version 17
VisualStudioVersion = 17.4.33110.190
MinimumVisualStudioVersion = 10.0.40219.1
Project("{FAE04EC0-301F-11D3-BF4B-00C04F79EFBC}") = "MinhaPrimeiraApi", "MinhaPrimeiraApi\MinhaPrimeiraApi.csproj", "{2DE40B9A-3594-4FDA-BB37-DFB89374A442}"
EndProject
Global
	GlobalSection(SolutionConfigurationPlatforms) = preSolution
		Debug|Any CPU = Debug|Any CPU
		Release|Any CPU = Release|Any CPU
	EndGlobalSection
	GlobalSection(ProjectConfigurationPlatforms) = postSolution
		{2DE40B9A-3594-4FDA-BB37-DFB89374A442}.Debug|Any CPU.ActiveCfg = Debug|Any CPU
		{2DE40B9A-3594-4FDA-BB37-DFB89374A442}.Debug|Any CPU.Build.0 = Debug|Any CPU
		{2DE40B9A-3594-4FDA-BB37-DFB89374A442}.Release|Any CPU.ActiveCfg = Release|Any CPU
		{2DE40B9A-3594-4FDA-BB37-DFB89374A442}.Release|Any CPU.Build.0 = Release|Any CPU
	EndGlobalSection
	GlobalSection(SolutionProperties) = preSolution
		HideSolutionNode = FALSE
	EndGlobalSection
	GlobalSection(ExtensibilityGlobals) = postSolution
		SolutionGuid = {1884516C-E1C5-48FB-A864-8B044EB89CD7}
	EndGlobalSection
EndGlobal
